{
    "_meta": {
        "hash": {
            "sha256": "518d9fad1434f48f92ca6e77ef6bda4df8ef7fa3192dc216b51a0d4e90f0ac54"
        },
        "pipfile-spec": 6,
        "requires": {
            "python_version": "3.12"
        },
        "sources": [
            {
                "name": "pip_conf_index_global",
                "url": "https://repo.huaweicloud.com/repository/pypi/simple",
                "verify_ssl": false
            }
        ]
    },
    "default": {},
    "develop": {}
}
